
Microsoft Visual Studio Solution File, Format Version 12.00
# Visual Studio 15
VisualStudioVersion = 15.0.28307.852
MinimumVisualStudioVersion = 10.0.40219.1
Project("{FAE04EC0-301F-11D3-BF4B-00C04F79EFBC}") = "MBViewer", "MBViewer\MBViewer.csproj", "{82F69E2A-F18A-4570-AD18-676131804844}"
EndProject
Global
	GlobalSection(SolutionConfigurationPlatforms) = preSolution
		Debug|Any CPU = Debug|Any CPU
		Release|Any CPU = Release|Any CPU
	EndGlobalSection
	GlobalSection(ProjectConfigurationPlatforms) = postSolution
		{82F69E2A-F18A-4570-AD18-676131804844}.Debug|Any CPU.ActiveCfg = Debug|Any CPU
		{82F69E2A-F18A-4570-AD18-676131804844}.Debug|Any CPU.Build.0 = Debug|Any CPU
		{82F69E2A-F18A-4570-AD18-676131804844}.Release|Any CPU.ActiveCfg = Release|Any CPU
		{82F69E2A-F18A-4570-AD18-676131804844}.Release|Any CPU.Build.0 = Release|Any CPU
	EndGlobalSection
	GlobalSection(SolutionProperties) = preSolution
		HideSolutionNode = FALSE
	EndGlobalSection
	GlobalSection(ExtensibilityGlobals) = postSolution
		SolutionGuid = {5C0C0BE0-5816-45F2-B281-9215417BA68F}
	EndGlobalSection
EndGlobal
